
Microsoft Visual Studio Solution File, Format Version 12.00
# Visual Studio 15
VisualStudioVersion = 15.0.27130.2003
MinimumVisualStudioVersion = 10.0.40219.1
Project("{FAE04EC0-301F-11D3-BF4B-00C04F79EFBC}") = "SqlBinder.DemoApp", "SqlBinder.DemoApp\SqlBinder.DemoApp.csproj", "{CE30986D-305D-41E3-BE48-F78F29CEBFB5}"
EndProject
Project("{FAE04EC0-301F-11D3-BF4B-00C04F79EFBC}") = "SqlBinder", "SqlBinder\SqlBinder.csproj", "{476DC782-61D2-4429-B4EE-B36762ABF154}"
EndProject
Project("{FAE04EC0-301F-11D3-BF4B-00C04F79EFBC}") = "SqlBinder.DemoNorthwindDal", "SqlBinder.DemoNorthwindDal\SqlBinder.DemoNorthwindDal.csproj", "{A73A0050-E450-4F77-9ED2-8C2BFD5B8467}"
EndProject
Global
	GlobalSection(SolutionConfigurationPlatforms) = preSolution
		Debug|Any CPU = Debug|Any CPU
		Release|Any CPU = Release|Any CPU
	EndGlobalSection
	GlobalSection(ProjectConfigurationPlatforms) = postSolution
		{CE30986D-305D-41E3-BE48-F78F29CEBFB5}.Debug|Any CPU.ActiveCfg = Debug|Any CPU
		{CE30986D-305D-41E3-BE48-F78F29CEBFB5}.Debug|Any CPU.Build.0 = Debug|Any CPU
		{CE30986D-305D-41E3-BE48-F78F29CEBFB5}.Release|Any CPU.ActiveCfg = Release|Any CPU
		{CE30986D-305D-41E3-BE48-F78F29CEBFB5}.Release|Any CPU.Build.0 = Release|Any CPU
		{476DC782-61D2-4429-B4EE-B36762ABF154}.Debug|Any CPU.ActiveCfg = Debug|Any CPU
		{476DC782-61D2-4429-B4EE-B36762ABF154}.Debug|Any CPU.Build.0 = Debug|Any CPU
		{476DC782-61D2-4429-B4EE-B36762ABF154}.Release|Any CPU.ActiveCfg = Release|Any CPU
		{476DC782-61D2-4429-B4EE-B36762ABF154}.Release|Any CPU.Build.0 = Release|Any CPU
		{A73A0050-E450-4F77-9ED2-8C2BFD5B8467}.Debug|Any CPU.ActiveCfg = Debug|Any CPU
		{A73A0050-E450-4F77-9ED2-8C2BFD5B8467}.Debug|Any CPU.Build.0 = Debug|Any CPU
		{A73A0050-E450-4F77-9ED2-8C2BFD5B8467}.Release|Any CPU.ActiveCfg = Release|Any CPU
		{A73A0050-E450-4F77-9ED2-8C2BFD5B8467}.Release|Any CPU.Build.0 = Release|Any CPU
	EndGlobalSection
	GlobalSection(SolutionProperties) = preSolution
		HideSolutionNode = FALSE
	EndGlobalSection
	GlobalSection(ExtensibilityGlobals) = postSolution
		SolutionGuid = {3CA5FFC8-9CAF-4D0D-AF0F-4631FBDA5F2A}
	EndGlobalSection
EndGlobal
