
Microsoft Visual Studio Solution File, Format Version 12.00
# Visual Studio 15
VisualStudioVersion = 15.0.27428.2027
MinimumVisualStudioVersion = 10.0.40219.1
Project("{FAE04EC0-301F-11D3-BF4B-00C04F79EFBC}") = "JustDapperExample", "JustDapperExample\JustDapperExample.csproj", "{59FAAD3A-DA03-4FF5-A837-6A0958A93CF8}"
EndProject
Global
	GlobalSection(SolutionConfigurationPlatforms) = preSolution
		Debug|Any CPU = Debug|Any CPU
		Release|Any CPU = Release|Any CPU
	EndGlobalSection
	GlobalSection(ProjectConfigurationPlatforms) = postSolution
		{59FAAD3A-DA03-4FF5-A837-6A0958A93CF8}.Debug|Any CPU.ActiveCfg = Debug|Any CPU
		{59FAAD3A-DA03-4FF5-A837-6A0958A93CF8}.Debug|Any CPU.Build.0 = Debug|Any CPU
		{59FAAD3A-DA03-4FF5-A837-6A0958A93CF8}.Release|Any CPU.ActiveCfg = Release|Any CPU
		{59FAAD3A-DA03-4FF5-A837-6A0958A93CF8}.Release|Any CPU.Build.0 = Release|Any CPU
	EndGlobalSection
	GlobalSection(SolutionProperties) = preSolution
		HideSolutionNode = FALSE
	EndGlobalSection
	GlobalSection(ExtensibilityGlobals) = postSolution
		SolutionGuid = {85BD43E8-D9A5-40A5-B56D-EF87DED636FB}
	EndGlobalSection
EndGlobal
