
Microsoft Visual Studio Solution File, Format Version 12.00
# Visual Studio 15
VisualStudioVersion = 15.0.27428.2027
MinimumVisualStudioVersion = 10.0.40219.1
Project("{FAE04EC0-301F-11D3-BF4B-00C04F79EFBC}") = "SqlBinder", "SqlBinder\SqlBinder.csproj", "{476DC782-61D2-4429-B4EE-B36762ABF154}"
EndProject
Project("{FAE04EC0-301F-11D3-BF4B-00C04F79EFBC}") = "SqlBinder.DapperExample", "SqlBinder.DapperExample\SqlBinder.DapperExample.csproj", "{E980B31D-ADFA-4A9E-BC91-C655D11EAD6A}"
EndProject
Global
	GlobalSection(SolutionConfigurationPlatforms) = preSolution
		Debug|Any CPU = Debug|Any CPU
		Release|Any CPU = Release|Any CPU
	EndGlobalSection
	GlobalSection(ProjectConfigurationPlatforms) = postSolution
		{476DC782-61D2-4429-B4EE-B36762ABF154}.Debug|Any CPU.ActiveCfg = Debug|Any CPU
		{476DC782-61D2-4429-B4EE-B36762ABF154}.Debug|Any CPU.Build.0 = Debug|Any CPU
		{476DC782-61D2-4429-B4EE-B36762ABF154}.Release|Any CPU.ActiveCfg = Release|Any CPU
		{476DC782-61D2-4429-B4EE-B36762ABF154}.Release|Any CPU.Build.0 = Release|Any CPU
		{E980B31D-ADFA-4A9E-BC91-C655D11EAD6A}.Debug|Any CPU.ActiveCfg = Debug|Any CPU
		{E980B31D-ADFA-4A9E-BC91-C655D11EAD6A}.Debug|Any CPU.Build.0 = Debug|Any CPU
		{E980B31D-ADFA-4A9E-BC91-C655D11EAD6A}.Release|Any CPU.ActiveCfg = Release|Any CPU
		{E980B31D-ADFA-4A9E-BC91-C655D11EAD6A}.Release|Any CPU.Build.0 = Release|Any CPU
	EndGlobalSection
	GlobalSection(SolutionProperties) = preSolution
		HideSolutionNode = FALSE
	EndGlobalSection
	GlobalSection(ExtensibilityGlobals) = postSolution
		SolutionGuid = {85BD43E8-D9A5-40A5-B56D-EF87DED636FB}
	EndGlobalSection
EndGlobal
